
Microsoft Visual Studio Solution File, Format Version 12.00
# Visual Studio Version 16
VisualStudioVersion = 16.0.30804.86
MinimumVisualStudioVersion = 10.0.40219.1
Project("{FAE04EC0-301F-11D3-BF4B-00C04F79EFBC}") = "Mikhnevich", "Mikhnevich\Mikhnevich.csproj", "{4F3B8B20-9A57-482F-B196-B91DDEF74A1D}"
EndProject
Global
	GlobalSection(SolutionConfigurationPlatforms) = preSolution
		Debug|Any CPU = Debug|Any CPU
		Release|Any CPU = Release|Any CPU
	EndGlobalSection
	GlobalSection(ProjectConfigurationPlatforms) = postSolution
		{4F3B8B20-9A57-482F-B196-B91DDEF74A1D}.Debug|Any CPU.ActiveCfg = Debug|Any CPU
		{4F3B8B20-9A57-482F-B196-B91DDEF74A1D}.Debug|Any CPU.Build.0 = Debug|Any CPU
		{4F3B8B20-9A57-482F-B196-B91DDEF74A1D}.Release|Any CPU.ActiveCfg = Release|Any CPU
		{4F3B8B20-9A57-482F-B196-B91DDEF74A1D}.Release|Any CPU.Build.0 = Release|Any CPU
	EndGlobalSection
	GlobalSection(SolutionProperties) = preSolution
		HideSolutionNode = FALSE
	EndGlobalSection
	GlobalSection(ExtensibilityGlobals) = postSolution
		SolutionGuid = {5BD3D8F1-EA53-427E-8A81-B1FD5414A79B}
	EndGlobalSection
EndGlobal
